{
  "version": 4,
  "terraform_version": "1.2.4",
  "serial": 16,
  "lineage": "ec180753-6974-2d88-69c8-4be09febd8cc",
  "outputs": {
    "web_app_hostname": {
      "value": "ng-webapp-testing-web-app.azurewebsites.net",
      "type": "string"
    }
  },
  "resources": [
    {
      "mode": "managed",
      "type": "azurerm_resource_group",
      "name": "rg",
      "provider": "provider[\"registry.terraform.io/hashicorp/azurerm\"]",
      "instances": [
        {
          "schema_version": 0,
          "attributes": {
            "id": "/subscriptions/81660264-2270-4ec2-bea0-f564a6ddaabb/resourceGroups/rg-ngtest-webapp",
            "location": "uksouth",
            "name": "rg-ngtest-webapp",
            "tags": null,
            "timeouts": null
          },
          "sensitive_attributes": [],
          "private": "eyJlMmJmYjczMC1lY2FhLTExZTYtOGY4OC0zNDM2M2JjN2M0YzAiOnsiY3JlYXRlIjo1NDAwMDAwMDAwMDAwLCJkZWxldGUiOjU0MDAwMDAwMDAwMDAsInJlYWQiOjMwMDAwMDAwMDAwMCwidXBkYXRlIjo1NDAwMDAwMDAwMDAwfX0="
        }
      ]
    },
    {
      "module": "module.az_app",
      "mode": "managed",
      "type": "azurerm_service_plan",
      "name": "sp",
      "provider": "provider[\"registry.terraform.io/hashicorp/azurerm\"]",
      "instances": [
        {
          "schema_version": 0,
          "attributes": {
            "app_service_environment_id": "",
            "id": "/subscriptions/81660264-2270-4ec2-bea0-f564a6ddaabb/resourceGroups/rg-ngtest-webapp/providers/Microsoft.Web/serverfarms/ng-webapp-testing",
            "kind": "app",
            "location": "uksouth",
            "maximum_elastic_worker_count": 1,
            "name": "ng-webapp-testing",
            "os_type": "Windows",
            "per_site_scaling_enabled": false,
            "reserved": false,
            "resource_group_name": "rg-ngtest-webapp",
            "sku_name": "B1",
            "tags": null,
            "timeouts": null,
            "worker_count": 1,
            "zone_balancing_enabled": false
          },
          "sensitive_attributes": [],
          "private": "eyJlMmJmYjczMC1lY2FhLTExZTYtOGY4OC0zNDM2M2JjN2M0YzAiOnsiY3JlYXRlIjozNjAwMDAwMDAwMDAwLCJkZWxldGUiOjM2MDAwMDAwMDAwMDAsInJlYWQiOjMwMDAwMDAwMDAwMCwidXBkYXRlIjozNjAwMDAwMDAwMDAwfX0=",
          "dependencies": [
            "azurerm_resource_group.rg"
          ]
        }
      ]
    },
    {
      "module": "module.az_app",
      "mode": "managed",
      "type": "azurerm_windows_web_app",
      "name": "webapp",
      "provider": "provider[\"registry.terraform.io/hashicorp/azurerm\"]",
      "instances": [
        {
          "schema_version": 0,
          "attributes": {
            "app_settings": null,
            "auth_settings": [
              {
                "active_directory": [],
                "additional_login_parameters": {},
                "allowed_external_redirect_urls": [],
                "default_provider": "",
                "enabled": false,
                "facebook": [],
                "github": [],
                "google": [],
                "issuer": "",
                "microsoft": [],
                "runtime_version": "",
                "token_refresh_extension_hours": 0,
                "token_store_enabled": false,
                "twitter": [],
                "unauthenticated_client_action": ""
              }
            ],
            "backup": [],
            "client_affinity_enabled": false,
            "client_certificate_enabled": false,
            "client_certificate_mode": "Required",
            "connection_string": [],
            "custom_domain_verification_id": "9FC59F1AFE28EFCDB4E11DFC005669489563FEF18B6FB8206E2F13C8EEB11860",
            "default_hostname": "ng-webapp-testing-web-app.azurewebsites.net",
            "enabled": true,
            "https_only": true,
            "id": "/subscriptions/81660264-2270-4ec2-bea0-f564a6ddaabb/resourceGroups/rg-ngtest-webapp/providers/Microsoft.Web/sites/ng-webapp-testing-web-app",
            "identity": [],
            "key_vault_reference_identity_id": "SystemAssigned",
            "kind": "app",
            "location": "uksouth",
            "logs": [],
            "name": "ng-webapp-testing-web-app",
            "outbound_ip_address_list": [
              "20.90.142.8",
              "20.90.142.124",
              "20.108.232.212",
              "20.108.234.150",
              "20.108.234.193",
              "20.108.235.174",
              "20.90.134.17"
            ],
            "outbound_ip_addresses": "20.90.142.8,20.90.142.124,20.108.232.212,20.108.234.150,20.108.234.193,20.108.235.174,20.90.134.17",
            "possible_outbound_ip_address_list": [
              "20.90.142.8",
              "20.90.142.124",
              "20.108.232.212",
              "20.108.234.150",
              "20.108.234.193",
              "20.108.235.174",
              "20.108.236.172",
              "20.108.237.99",
              "20.108.237.129",
              "20.108.238.61",
              "20.108.238.218",
              "20.108.239.36",
              "20.108.239.67",
              "20.108.239.133",
              "20.108.239.165",
              "20.108.239.176",
              "20.108.239.178",
              "20.108.239.204",
              "20.108.239.234",
              "20.26.8.2",
              "20.26.8.185",
              "20.26.9.12",
              "20.26.9.87",
              "20.26.9.177",
              "20.26.9.195",
              "20.26.9.205",
              "20.26.10.75",
              "20.26.10.84",
              "20.26.10.116",
              "20.26.10.134",
              "20.90.134.17"
            ],
            "possible_outbound_ip_addresses": "20.90.142.8,20.90.142.124,20.108.232.212,20.108.234.150,20.108.234.193,20.108.235.174,20.108.236.172,20.108.237.99,20.108.237.129,20.108.238.61,20.108.238.218,20.108.239.36,20.108.239.67,20.108.239.133,20.108.239.165,20.108.239.176,20.108.239.178,20.108.239.204,20.108.239.234,20.26.8.2,20.26.8.185,20.26.9.12,20.26.9.87,20.26.9.177,20.26.9.195,20.26.9.205,20.26.10.75,20.26.10.84,20.26.10.116,20.26.10.134,20.90.134.17",
            "resource_group_name": "rg-ngtest-webapp",
            "service_plan_id": "/subscriptions/81660264-2270-4ec2-bea0-f564a6ddaabb/resourceGroups/rg-ngtest-webapp/providers/Microsoft.Web/serverfarms/ng-webapp-testing",
            "site_config": [
              {
                "always_on": false,
                "api_definition_url": "",
                "api_management_api_id": "",
                "app_command_line": "",
                "application_stack": [
                  {
                    "current_stack": "dotnet",
                    "docker_container_name": "",
                    "docker_container_registry": "",
                    "docker_container_tag": "",
                    "dotnet_version": "v6.0",
                    "java_container": "",
                    "java_container_version": "",
                    "java_version": "",
                    "node_version": "",
                    "php_version": "",
                    "python_version": ""
                  }
                ],
                "auto_heal_enabled": false,
                "auto_heal_setting": [],
                "container_registry_managed_identity_client_id": "",
                "container_registry_use_managed_identity": false,
                "cors": [],
                "default_documents": [
                  "Default.htm",
                  "Default.html",
                  "Default.asp",
                  "index.htm",
                  "index.html",
                  "iisstart.htm",
                  "default.aspx",
                  "index.php",
                  "hostingstart.html"
                ],
                "detailed_error_logging_enabled": false,
                "ftps_state": "FtpsOnly",
                "health_check_eviction_time_in_min": 0,
                "health_check_path": "",
                "http2_enabled": false,
                "ip_restriction": [],
                "linux_fx_version": "",
                "load_balancing_mode": "LeastRequests",
                "local_mysql_enabled": false,
                "managed_pipeline_mode": "Integrated",
                "minimum_tls_version": "1.2",
                "remote_debugging_enabled": false,
                "remote_debugging_version": "VS2019",
                "scm_ip_restriction": [],
                "scm_minimum_tls_version": "1.2",
                "scm_type": "None",
                "scm_use_main_ip_restriction": false,
                "use_32_bit_worker": true,
                "virtual_application": [],
                "vnet_route_all_enabled": false,
                "websockets_enabled": false,
                "windows_fx_version": "",
                "worker_count": 1
              }
            ],
            "site_credential": [
              {
                "name": "$ng-webapp-testing-web-app",
                "password": "45J2Feg4P9pFdBJ5zzqPb0Wnu3xQkg09DcTR0YGNvletM3j7m42KbmjTRcvD"
              }
            ],
            "sticky_settings": [],
            "storage_account": [],
            "tags": null,
            "timeouts": null,
            "virtual_network_subnet_id": "",
            "zip_deploy_file": ""
          },
          "sensitive_attributes": [],
          "private": "eyJlMmJmYjczMC1lY2FhLTExZTYtOGY4OC0zNDM2M2JjN2M0YzAiOnsiY3JlYXRlIjoxODAwMDAwMDAwMDAwLCJkZWxldGUiOjE4MDAwMDAwMDAwMDAsInJlYWQiOjMwMDAwMDAwMDAwMCwidXBkYXRlIjoxODAwMDAwMDAwMDAwfX0=",
          "dependencies": [
            "azurerm_resource_group.rg",
            "module.az_app.azurerm_service_plan.sp"
          ]
        }
      ]
    }
  ]
}
